
Microsoft Visual Studio Solution File, Format Version 12.00
# Visual Studio Version 17
VisualStudioVersion = 17.14.36310.24 d17.14
MinimumVisualStudioVersion = 10.0.40219.1
Project("{FAE04EC0-301F-11D3-BF4B-00C04F79EFBC}") = "BoldTracker", "BoldTracker\BoldTracker.csproj", "{90FB9BE0-5570-46C7-92CD-5FED4DEFBFB0}"
EndProject
Global
	GlobalSection(SolutionConfigurationPlatforms) = preSolution
		Debug|Any CPU = Debug|Any CPU
		Release|Any CPU = Release|Any CPU
	EndGlobalSection
	GlobalSection(ProjectConfigurationPlatforms) = postSolution
		{90FB9BE0-5570-46C7-92CD-5FED4DEFBFB0}.Debug|Any CPU.ActiveCfg = Debug|Any CPU
		{90FB9BE0-5570-46C7-92CD-5FED4DEFBFB0}.Debug|Any CPU.Build.0 = Debug|Any CPU
		{90FB9BE0-5570-46C7-92CD-5FED4DEFBFB0}.Release|Any CPU.ActiveCfg = Release|Any CPU
		{90FB9BE0-5570-46C7-92CD-5FED4DEFBFB0}.Release|Any CPU.Build.0 = Release|Any CPU
	EndGlobalSection
	GlobalSection(SolutionProperties) = preSolution
		HideSolutionNode = FALSE
	EndGlobalSection
	GlobalSection(ExtensibilityGlobals) = postSolution
		SolutionGuid = {FE06F46B-1947-4317-B33F-CAB36E943C00}
	EndGlobalSection
EndGlobal
